
Microsoft Visual Studio Solution File, Format Version 12.00
# Visual Studio Version 17
VisualStudioVersion = 17.5.33516.290
MinimumVisualStudioVersion = 10.0.40219.1
Project("{FAE04EC0-301F-11D3-BF4B-00C04F79EFBC}") = "CKFA.EasyQuery", "CKFA.EasyQuery\CKFA.EasyQuery.csproj", "{862D73C9-62EE-413A-B01C-745887E92701}"
EndProject
Project("{FAE04EC0-301F-11D3-BF4B-00C04F79EFBC}") = "ConsoleApp1", "ConsoleApp1\ConsoleApp1.csproj", "{E7FB7A55-B370-480E-882F-1C7C7C0AF568}"
EndProject
Global
	GlobalSection(SolutionConfigurationPlatforms) = preSolution
		Debug|Any CPU = Debug|Any CPU
		Release|Any CPU = Release|Any CPU
	EndGlobalSection
	GlobalSection(ProjectConfigurationPlatforms) = postSolution
		{862D73C9-62EE-413A-B01C-745887E92701}.Debug|Any CPU.ActiveCfg = Debug|Any CPU
		{862D73C9-62EE-413A-B01C-745887E92701}.Debug|Any CPU.Build.0 = Debug|Any CPU
		{862D73C9-62EE-413A-B01C-745887E92701}.Release|Any CPU.ActiveCfg = Release|Any CPU
		{862D73C9-62EE-413A-B01C-745887E92701}.Release|Any CPU.Build.0 = Release|Any CPU
		{E7FB7A55-B370-480E-882F-1C7C7C0AF568}.Debug|Any CPU.ActiveCfg = Debug|Any CPU
		{E7FB7A55-B370-480E-882F-1C7C7C0AF568}.Debug|Any CPU.Build.0 = Debug|Any CPU
		{E7FB7A55-B370-480E-882F-1C7C7C0AF568}.Release|Any CPU.ActiveCfg = Release|Any CPU
		{E7FB7A55-B370-480E-882F-1C7C7C0AF568}.Release|Any CPU.Build.0 = Release|Any CPU
	EndGlobalSection
	GlobalSection(SolutionProperties) = preSolution
		HideSolutionNode = FALSE
	EndGlobalSection
	GlobalSection(ExtensibilityGlobals) = postSolution
		SolutionGuid = {D3D43CA8-7079-43C3-B68B-BE3D3AFB5CE2}
	EndGlobalSection
EndGlobal
